
Microsoft Visual Studio Solution File, Format Version 12.00
# Visual Studio Version 17
VisualStudioVersion = 17.7.34202.233
MinimumVisualStudioVersion = 10.0.40219.1
Project("{FAE04EC0-301F-11D3-BF4B-00C04F79EFBC}") = "likeshoesapi", "likeshoesapi\likeshoesapi.csproj", "{40C849CD-6790-4406-8487-78FA02E94A09}"
EndProject
Global
	GlobalSection(SolutionConfigurationPlatforms) = preSolution
		Debug|Any CPU = Debug|Any CPU
		Release|Any CPU = Release|Any CPU
	EndGlobalSection
	GlobalSection(ProjectConfigurationPlatforms) = postSolution
		{40C849CD-6790-4406-8487-78FA02E94A09}.Debug|Any CPU.ActiveCfg = Debug|Any CPU
		{40C849CD-6790-4406-8487-78FA02E94A09}.Debug|Any CPU.Build.0 = Debug|Any CPU
		{40C849CD-6790-4406-8487-78FA02E94A09}.Release|Any CPU.ActiveCfg = Release|Any CPU
		{40C849CD-6790-4406-8487-78FA02E94A09}.Release|Any CPU.Build.0 = Release|Any CPU
	EndGlobalSection
	GlobalSection(SolutionProperties) = preSolution
		HideSolutionNode = FALSE
	EndGlobalSection
	GlobalSection(ExtensibilityGlobals) = postSolution
		SolutionGuid = {7879563F-7613-4868-B838-6AEB75F8703A}
	EndGlobalSection
EndGlobal
